
Microsoft Visual Studio Solution File, Format Version 12.00
# Visual Studio 2013
VisualStudioVersion = 12.0.31101.0
MinimumVisualStudioVersion = 10.0.40219.1
Project("{FAE04EC0-301F-11D3-BF4B-00C04F79EFBC}") = "DelayRepay_BL", "DelayRepay_BL\DelayRepay_BL.csproj", "{4E69575D-309B-40A1-B2D1-BC50DAFE86BB}"
EndProject
Project("{FAE04EC0-301F-11D3-BF4B-00C04F79EFBC}") = "Harness", "Harness\Harness.csproj", "{BC529878-2AF1-4969-9EC7-9BE5F3AAC020}"
EndProject
Project("{FAE04EC0-301F-11D3-BF4B-00C04F79EFBC}") = "DelayRepay_Console", "DelayRepay_Console\DelayRepay_Console.csproj", "{29E8E9C1-0331-4C4E-9EC8-4A0539BA93F6}"
EndProject
Global
	GlobalSection(SolutionConfigurationPlatforms) = preSolution
		Debug|Any CPU = Debug|Any CPU
		Release|Any CPU = Release|Any CPU
	EndGlobalSection
	GlobalSection(ProjectConfigurationPlatforms) = postSolution
		{4E69575D-309B-40A1-B2D1-BC50DAFE86BB}.Debug|Any CPU.ActiveCfg = Debug|Any CPU
		{4E69575D-309B-40A1-B2D1-BC50DAFE86BB}.Debug|Any CPU.Build.0 = Debug|Any CPU
		{4E69575D-309B-40A1-B2D1-BC50DAFE86BB}.Release|Any CPU.ActiveCfg = Release|Any CPU
		{4E69575D-309B-40A1-B2D1-BC50DAFE86BB}.Release|Any CPU.Build.0 = Release|Any CPU
		{BC529878-2AF1-4969-9EC7-9BE5F3AAC020}.Debug|Any CPU.ActiveCfg = Debug|Any CPU
		{BC529878-2AF1-4969-9EC7-9BE5F3AAC020}.Debug|Any CPU.Build.0 = Debug|Any CPU
		{BC529878-2AF1-4969-9EC7-9BE5F3AAC020}.Release|Any CPU.ActiveCfg = Release|Any CPU
		{BC529878-2AF1-4969-9EC7-9BE5F3AAC020}.Release|Any CPU.Build.0 = Release|Any CPU
		{29E8E9C1-0331-4C4E-9EC8-4A0539BA93F6}.Debug|Any CPU.ActiveCfg = Debug|Any CPU
		{29E8E9C1-0331-4C4E-9EC8-4A0539BA93F6}.Debug|Any CPU.Build.0 = Debug|Any CPU
		{29E8E9C1-0331-4C4E-9EC8-4A0539BA93F6}.Release|Any CPU.ActiveCfg = Release|Any CPU
		{29E8E9C1-0331-4C4E-9EC8-4A0539BA93F6}.Release|Any CPU.Build.0 = Release|Any CPU
	EndGlobalSection
	GlobalSection(SolutionProperties) = preSolution
		HideSolutionNode = FALSE
	EndGlobalSection
	GlobalSection(ExtensibilityGlobals) = postSolution
		VisualSVNWorkingCopyRoot = .
	EndGlobalSection
EndGlobal
